<?xml version="1.0" encoding="UTF-8"?>
<Project ToolsVersion="12.0" xmlns="http://schemas.microsoft.com/developer/msbuild/2003">
  <ItemGroup>
    <CustomBuild Include="C:\cygwin64\home\jfitzgerald\fin\skillet\3rdparty\libvncserver\CMakeFiles\ffb27f4722a13c3c305249a7bda8bac4\generate.stamp.rule">
      <Filter>CMake Rules</Filter>
    </CustomBuild>
  </ItemGroup>
  <ItemGroup>
    <Filter Include="CMake Rules">
      <UniqueIdentifier>{0B1BA21D-2CF7-3275-BCE2-6C53D05CAD12}</UniqueIdentifier>
    </Filter>
  </ItemGroup>
</Project>
